
Microsoft Visual Studio Solution File, Format Version 12.00
# Visual Studio Version 17
VisualStudioVersion = 17.9.34728.123
MinimumVisualStudioVersion = 10.0.40219.1
Project("{FAE04EC0-301F-11D3-BF4B-00C04F79EFBC}") = "IntegrationTests", "IntegrationTests\IntegrationTests.csproj", "{268648DE-3A3A-460E-8132-23FF5323A839}"
EndProject
Project("{FAE04EC0-301F-11D3-BF4B-00C04F79EFBC}") = "PureBusinessClasses", "PureBusinessClasses\PureBusinessClasses.csproj", "{45909E1A-974B-413C-8F36-52383F3A62CC}"
EndProject
Project("{FAE04EC0-301F-11D3-BF4B-00C04F79EFBC}") = "NDO", "..\NDODLL\NDO.csproj", "{3D445F4E-D7A6-48D5-8148-BEA865A25B1D}"
EndProject
Global
	GlobalSection(SolutionConfigurationPlatforms) = preSolution
		Debug|Any CPU = Debug|Any CPU
		Release|Any CPU = Release|Any CPU
	EndGlobalSection
	GlobalSection(ProjectConfigurationPlatforms) = postSolution
		{268648DE-3A3A-460E-8132-23FF5323A839}.Debug|Any CPU.ActiveCfg = Debug|Any CPU
		{268648DE-3A3A-460E-8132-23FF5323A839}.Debug|Any CPU.Build.0 = Debug|Any CPU
		{268648DE-3A3A-460E-8132-23FF5323A839}.Release|Any CPU.ActiveCfg = Release|Any CPU
		{268648DE-3A3A-460E-8132-23FF5323A839}.Release|Any CPU.Build.0 = Release|Any CPU
		{45909E1A-974B-413C-8F36-52383F3A62CC}.Debug|Any CPU.ActiveCfg = Debug|Any CPU
		{45909E1A-974B-413C-8F36-52383F3A62CC}.Debug|Any CPU.Build.0 = Debug|Any CPU
		{45909E1A-974B-413C-8F36-52383F3A62CC}.Release|Any CPU.ActiveCfg = Release|Any CPU
		{45909E1A-974B-413C-8F36-52383F3A62CC}.Release|Any CPU.Build.0 = Release|Any CPU
		{3D445F4E-D7A6-48D5-8148-BEA865A25B1D}.Debug|Any CPU.ActiveCfg = Debug|Any CPU
		{3D445F4E-D7A6-48D5-8148-BEA865A25B1D}.Debug|Any CPU.Build.0 = Debug|Any CPU
		{3D445F4E-D7A6-48D5-8148-BEA865A25B1D}.Release|Any CPU.ActiveCfg = Release|Any CPU
		{3D445F4E-D7A6-48D5-8148-BEA865A25B1D}.Release|Any CPU.Build.0 = Release|Any CPU
	EndGlobalSection
	GlobalSection(SolutionProperties) = preSolution
		HideSolutionNode = FALSE
	EndGlobalSection
	GlobalSection(ExtensibilityGlobals) = postSolution
		SolutionGuid = {A314714E-A75E-46DA-8401-1D5EE26397CC}
	EndGlobalSection
EndGlobal
