
Microsoft Visual Studio Solution File, Format Version 11.00
# Visual Studio 2010
Project("{FAE04EC0-301F-11D3-BF4B-00C04F79EFBC}") = "NDOAddIn", "NDOAddIn.csproj", "{B9CA5B05-07BD-4BF9-B6DD-35DB819988D0}"
EndProject
Global
	GlobalSection(SolutionConfigurationPlatforms) = preSolution
		Debug|Any CPU = Debug|Any CPU
	EndGlobalSection
	GlobalSection(ProjectConfigurationPlatforms) = postSolution

		{B9CA5B05-07BD-4BF9-B6DD-35DB819988D0}.Debug|Any CPU.ActiveCfg = Debug|Any CPU
		{B9CA5B05-07BD-4BF9-B6DD-35DB819988D0}.Debug|Any CPU.Build.0 = Debug|Any CPU
	EndGlobalSection
	GlobalSection(SolutionProperties) = preSolution
		HideSolutionNode = FALSE
	EndGlobalSection
EndGlobal
