
Microsoft Visual Studio Solution File, Format Version 12.00
# Visual Studio Version 17
VisualStudioVersion = 17.9.34616.47
MinimumVisualStudioVersion = 10.0.40219.1
Project("{FAE04EC0-301F-11D3-BF4B-00C04F79EFBC}") = "BaseClasses", "BaseClasses.csproj", "{7A66D0D8-706C-4803-85F4-49DD52B69F4C}"
EndProject
Global
	GlobalSection(SolutionConfigurationPlatforms) = preSolution
		Debug|Any CPU = Debug|Any CPU
		Release|Any CPU = Release|Any CPU
	EndGlobalSection
	GlobalSection(ProjectConfigurationPlatforms) = postSolution
		{7A66D0D8-706C-4803-85F4-49DD52B69F4C}.Debug|Any CPU.ActiveCfg = Debug|Any CPU
		{7A66D0D8-706C-4803-85F4-49DD52B69F4C}.Debug|Any CPU.Build.0 = Debug|Any CPU
		{7A66D0D8-706C-4803-85F4-49DD52B69F4C}.Release|Any CPU.ActiveCfg = Release|Any CPU
		{7A66D0D8-706C-4803-85F4-49DD52B69F4C}.Release|Any CPU.Build.0 = Release|Any CPU
	EndGlobalSection
	GlobalSection(SolutionProperties) = preSolution
		HideSolutionNode = FALSE
	EndGlobalSection
	GlobalSection(ExtensibilityGlobals) = postSolution
		SolutionGuid = {A19DD4EF-2869-4E28-B65E-D41723A6F3F1}
	EndGlobalSection
EndGlobal
