
Microsoft Visual Studio Solution File, Format Version 12.00
# Visual Studio Version 17
VisualStudioVersion = 17.3.32929.385
MinimumVisualStudioVersion = 10.0.40219.1
Project("{9A19103F-16F7-4668-BE54-9A1E7A4F7556}") = "NDOEnhancer", "NDOEnhancer.csproj", "{3A0A82CF-F913-4701-B482-FF8709031777}"
EndProject
Project("{9A19103F-16F7-4668-BE54-9A1E7A4F7556}") = "NDO", "..\NDODLL\NDO.csproj", "{30C54F7D-DC3B-4C2A-9D96-37BAB6932FA0}"
EndProject
Global
	GlobalSection(SolutionConfigurationPlatforms) = preSolution
		Debug|Any CPU = Debug|Any CPU
		Release|Any CPU = Release|Any CPU
	EndGlobalSection
	GlobalSection(ProjectConfigurationPlatforms) = postSolution
		{3A0A82CF-F913-4701-B482-FF8709031777}.Debug|Any CPU.ActiveCfg = Debug|Any CPU
		{3A0A82CF-F913-4701-B482-FF8709031777}.Debug|Any CPU.Build.0 = Debug|Any CPU
		{3A0A82CF-F913-4701-B482-FF8709031777}.Release|Any CPU.ActiveCfg = Release|Any CPU
		{3A0A82CF-F913-4701-B482-FF8709031777}.Release|Any CPU.Build.0 = Release|Any CPU
		{30C54F7D-DC3B-4C2A-9D96-37BAB6932FA0}.Debug|Any CPU.ActiveCfg = Debug|Any CPU
		{30C54F7D-DC3B-4C2A-9D96-37BAB6932FA0}.Release|Any CPU.ActiveCfg = Release|Any CPU
		{30C54F7D-DC3B-4C2A-9D96-37BAB6932FA0}.Release|Any CPU.Build.0 = Release|Any CPU
	EndGlobalSection
	GlobalSection(SolutionProperties) = preSolution
		HideSolutionNode = FALSE
	EndGlobalSection
	GlobalSection(ExtensibilityGlobals) = postSolution
		SolutionGuid = {617EBB60-447C-4257-8FC0-7419B323B540}
	EndGlobalSection
EndGlobal
