Microsoft Visual Studio Solution File, Format Version 12.00
# Visual Studio 15
VisualStudioVersion = 15.0.27703.2047
MinimumVisualStudioVersion = 10.0.40219.1
Project("{FAE04EC0-301F-11D3-BF4B-00C04F79EFBC}") = "TestApp", "TestApp\TestApp.csproj", "{1BBF17E3-D321-4823-9E96-DDCD1FA54B08}"
EndProject
Project("{FAE04EC0-301F-11D3-BF4B-00C04F79EFBC}") = "BusinessClasses", "BusinessClasses\BusinessClasses.csproj", "{96E72A69-AAF6-48F7-8541-57F516414969}"
EndProject
Project("{FAE04EC0-301F-11D3-BF4B-00C04F79EFBC}") = "PostgreProvider", "PostgreProvider\PostgreProvider.csproj", "{273BB4ED-74C4-482F-ACE2-E1564ACBA210}"
EndProject
Project("{FAE04EC0-301F-11D3-BF4B-00C04F79EFBC}") = "CheckCommandBuilder", "CheckCommandBuilder\CheckCommandBuilder.csproj", "{B3DB4428-BECB-4C23-8F18-B18B448BE24B}"
EndProject
Project("{2150E333-8FDC-42A3-9474-1A3956D46DE8}") = ".nuget", ".nuget", "{43FDA48A-07EB-4CF4-9394-8D72530A518E}"
	ProjectSection(SolutionItems) = preProject
		.nuget\NuGet.Config = .nuget\NuGet.Config
		.nuget\NuGet.exe = .nuget\NuGet.exe
		.nuget\NuGet.targets = .nuget\NuGet.targets
	EndProjectSection
EndProject
Project("{FAE04EC0-301F-11D3-BF4B-00C04F79EFBC}") = "PostGresUISupport", "PostGresUISupport\PostGresUISupport.csproj", "{63485B79-6CCB-443C-B309-F269090C66ED}"
EndProject
Global
	GlobalSection(SolutionConfigurationPlatforms) = preSolution
		Debug|Any CPU = Debug|Any CPU
		Release|Any CPU = Release|Any CPU
	EndGlobalSection
	GlobalSection(ProjectConfigurationPlatforms) = postSolution
		{1BBF17E3-D321-4823-9E96-DDCD1FA54B08}.Debug|Any CPU.ActiveCfg = Debug|Any CPU
		{1BBF17E3-D321-4823-9E96-DDCD1FA54B08}.Debug|Any CPU.Build.0 = Debug|Any CPU
		{1BBF17E3-D321-4823-9E96-DDCD1FA54B08}.Release|Any CPU.ActiveCfg = Release|Any CPU
		{1BBF17E3-D321-4823-9E96-DDCD1FA54B08}.Release|Any CPU.Build.0 = Release|Any CPU
		{96E72A69-AAF6-48F7-8541-57F516414969}.Debug|Any CPU.ActiveCfg = Debug|Any CPU
		{96E72A69-AAF6-48F7-8541-57F516414969}.Debug|Any CPU.Build.0 = Debug|Any CPU
		{96E72A69-AAF6-48F7-8541-57F516414969}.Release|Any CPU.ActiveCfg = Release|Any CPU
		{96E72A69-AAF6-48F7-8541-57F516414969}.Release|Any CPU.Build.0 = Release|Any CPU
		{273BB4ED-74C4-482F-ACE2-E1564ACBA210}.Debug|Any CPU.ActiveCfg = Debug|Any CPU
		{273BB4ED-74C4-482F-ACE2-E1564ACBA210}.Debug|Any CPU.Build.0 = Debug|Any CPU
		{273BB4ED-74C4-482F-ACE2-E1564ACBA210}.Release|Any CPU.ActiveCfg = Release|Any CPU
		{273BB4ED-74C4-482F-ACE2-E1564ACBA210}.Release|Any CPU.Build.0 = Release|Any CPU
		{B3DB4428-BECB-4C23-8F18-B18B448BE24B}.Debug|Any CPU.ActiveCfg = Debug|Any CPU
		{B3DB4428-BECB-4C23-8F18-B18B448BE24B}.Debug|Any CPU.Build.0 = Debug|Any CPU
		{B3DB4428-BECB-4C23-8F18-B18B448BE24B}.Release|Any CPU.ActiveCfg = Release|Any CPU
		{B3DB4428-BECB-4C23-8F18-B18B448BE24B}.Release|Any CPU.Build.0 = Release|Any CPU
		{63485B79-6CCB-443C-B309-F269090C66ED}.Debug|Any CPU.ActiveCfg = Debug|Any CPU
		{63485B79-6CCB-443C-B309-F269090C66ED}.Debug|Any CPU.Build.0 = Debug|Any CPU
		{63485B79-6CCB-443C-B309-F269090C66ED}.Release|Any CPU.ActiveCfg = Release|Any CPU
		{63485B79-6CCB-443C-B309-F269090C66ED}.Release|Any CPU.Build.0 = Release|Any CPU
	EndGlobalSection
	GlobalSection(SolutionProperties) = preSolution
		HideSolutionNode = FALSE
	EndGlobalSection
	GlobalSection(ExtensibilityGlobals) = postSolution
		SolutionGuid = {D1BFBA03-3EBA-4651-8450-3ADABB1611C6}
	EndGlobalSection
EndGlobal
