Microsoft Visual Studio Solution File, Format Version 11.00
# Visual Studio 2010
Project("{FAE04EC0-301F-11D3-BF4B-00C04F79EFBC}") = "TestApp", "TestApp\TestApp.csproj", "{1BBF17E3-D321-4823-9E96-DDCD1FA54B08}"
EndProject
Project("{FAE04EC0-301F-11D3-BF4B-00C04F79EFBC}") = "BusinessClasses", "BusinessClasses\BusinessClasses.csproj", "{96E72A69-AAF6-48F7-8541-57F516414969}"
EndProject
Project("{FAE04EC0-301F-11D3-BF4B-00C04F79EFBC}") = "PostgreProvider", "PostgreProvider\PostgreProvider.csproj", "{273BB4ED-74C4-482F-ACE2-E1564ACBA210}"
EndProject
Project("{FAE04EC0-301F-11D3-BF4B-00C04F79EFBC}") = "CheckCommandBuilder", "CheckCommandBuilder\CheckCommandBuilder.csproj", "{B3DB4428-BECB-4C23-8F18-B18B448BE24B}"
EndProject
Global
	GlobalSection(SolutionConfigurationPlatforms) = preSolution
		Debug|Any CPU = Debug|Any CPU
		Release|Any CPU = Release|Any CPU
	EndGlobalSection
	GlobalSection(ProjectConfigurationPlatforms) = postSolution
		{1BBF17E3-D321-4823-9E96-DDCD1FA54B08}.Debug|Any CPU.ActiveCfg = Debug|Any CPU
		{1BBF17E3-D321-4823-9E96-DDCD1FA54B08}.Debug|Any CPU.Build.0 = Debug|Any CPU
		{1BBF17E3-D321-4823-9E96-DDCD1FA54B08}.Release|Any CPU.ActiveCfg = Release|Any CPU
		{1BBF17E3-D321-4823-9E96-DDCD1FA54B08}.Release|Any CPU.Build.0 = Release|Any CPU
		{96E72A69-AAF6-48F7-8541-57F516414969}.Debug|Any CPU.ActiveCfg = Debug|Any CPU
		{96E72A69-AAF6-48F7-8541-57F516414969}.Debug|Any CPU.Build.0 = Debug|Any CPU
		{96E72A69-AAF6-48F7-8541-57F516414969}.Release|Any CPU.ActiveCfg = Release|Any CPU
		{96E72A69-AAF6-48F7-8541-57F516414969}.Release|Any CPU.Build.0 = Release|Any CPU
		{273BB4ED-74C4-482F-ACE2-E1564ACBA210}.Debug|Any CPU.ActiveCfg = Debug|Any CPU
		{273BB4ED-74C4-482F-ACE2-E1564ACBA210}.Debug|Any CPU.Build.0 = Debug|Any CPU
		{273BB4ED-74C4-482F-ACE2-E1564ACBA210}.Release|Any CPU.ActiveCfg = Release|Any CPU
		{273BB4ED-74C4-482F-ACE2-E1564ACBA210}.Release|Any CPU.Build.0 = Release|Any CPU
		{B3DB4428-BECB-4C23-8F18-B18B448BE24B}.Debug|Any CPU.ActiveCfg = Debug|Any CPU
		{B3DB4428-BECB-4C23-8F18-B18B448BE24B}.Debug|Any CPU.Build.0 = Debug|Any CPU
		{B3DB4428-BECB-4C23-8F18-B18B448BE24B}.Release|Any CPU.ActiveCfg = Release|Any CPU
		{B3DB4428-BECB-4C23-8F18-B18B448BE24B}.Release|Any CPU.Build.0 = Release|Any CPU
	EndGlobalSection
	GlobalSection(SolutionProperties) = preSolution
		HideSolutionNode = FALSE
	EndGlobalSection
EndGlobal
