Microsoft Visual Studio Solution File, Format Version 9.00
# Visual Studio 2005
Project("{FAE04EC0-301F-11D3-BF4B-00C04F79EFBC}") = "Mapping", "Mapping.csproj", "{4ADF4504-626F-4568-B23F-FE112838A6AD}"
EndProject
Global
	GlobalSection(SolutionConfigurationPlatforms) = preSolution
		Debug|Any CPU = Debug|Any CPU
		Release|Any CPU = Release|Any CPU
	EndGlobalSection
	GlobalSection(ProjectConfigurationPlatforms) = postSolution
		{4ADF4504-626F-4568-B23F-FE112838A6AD}.Debug|Any CPU.ActiveCfg = Debug|Any CPU
		{4ADF4504-626F-4568-B23F-FE112838A6AD}.Debug|Any CPU.Build.0 = Debug|Any CPU
		{4ADF4504-626F-4568-B23F-FE112838A6AD}.Release|Any CPU.ActiveCfg = Release|Any CPU
		{4ADF4504-626F-4568-B23F-FE112838A6AD}.Release|Any CPU.Build.0 = Release|Any CPU
	EndGlobalSection
	GlobalSection(SolutionProperties) = preSolution
		HideSolutionNode = FALSE
	EndGlobalSection
EndGlobal
