
Microsoft Visual Studio Solution File, Format Version 9.00
# Visual Studio 2005
Project("{54435603-DBB4-11D2-8724-00A0C9A8B90C}") = "NDOEnhancerEnterpriseSetup", "NDOEnhancerEnterpriseSetup.8.vdproj", "{8EAA43B6-EE93-4DD9-866A-7ADBF0A47C45}"
EndProject
Global
	GlobalSection(SolutionConfigurationPlatforms) = preSolution
		Debug|Default = Debug|Default
		Release|Default = Release|Default
	EndGlobalSection
	GlobalSection(ProjectConfigurationPlatforms) = postSolution
		{8EAA43B6-EE93-4DD9-866A-7ADBF0A47C45}.Debug|Default.ActiveCfg = Debug
		{8EAA43B6-EE93-4DD9-866A-7ADBF0A47C45}.Debug|Default.Build.0 = Debug
		{8EAA43B6-EE93-4DD9-866A-7ADBF0A47C45}.Release|Default.ActiveCfg = Release
		{8EAA43B6-EE93-4DD9-866A-7ADBF0A47C45}.Release|Default.Build.0 = Release
	EndGlobalSection
	GlobalSection(SolutionProperties) = preSolution
		HideSolutionNode = FALSE
	EndGlobalSection
EndGlobal
