
Microsoft Visual Studio Solution File, Format Version 11.00
# Visual Studio 2010
Project("{F184B08F-C81C-45F6-A57F-5ABD9991F28F}") = "BusinessClasses", "BusinessClasses\BusinessClasses.vbproj", "{D3F974B6-23A0-4306-9264-86D343197F81}"
EndProject
Project("{F184B08F-C81C-45F6-A57F-5ABD9991F28F}") = "TestApp", "TestApp\TestApp.vbproj", "{188A9CD7-E7C2-46CF-BD96-6FD57A42AC7F}"
EndProject
Global
	GlobalSection(SolutionConfigurationPlatforms) = preSolution
		Debug|Any CPU = Debug|Any CPU
		Release|Any CPU = Release|Any CPU
	EndGlobalSection
	GlobalSection(ProjectConfigurationPlatforms) = postSolution
		{D3F974B6-23A0-4306-9264-86D343197F81}.Debug|Any CPU.ActiveCfg = Debug|Any CPU
		{D3F974B6-23A0-4306-9264-86D343197F81}.Debug|Any CPU.Build.0 = Debug|Any CPU
		{D3F974B6-23A0-4306-9264-86D343197F81}.Release|Any CPU.ActiveCfg = Release|Any CPU
		{D3F974B6-23A0-4306-9264-86D343197F81}.Release|Any CPU.Build.0 = Release|Any CPU
		{188A9CD7-E7C2-46CF-BD96-6FD57A42AC7F}.Debug|Any CPU.ActiveCfg = Debug|Any CPU
		{188A9CD7-E7C2-46CF-BD96-6FD57A42AC7F}.Debug|Any CPU.Build.0 = Debug|Any CPU
		{188A9CD7-E7C2-46CF-BD96-6FD57A42AC7F}.Release|Any CPU.ActiveCfg = Release|Any CPU
		{188A9CD7-E7C2-46CF-BD96-6FD57A42AC7F}.Release|Any CPU.Build.0 = Release|Any CPU
	EndGlobalSection
	GlobalSection(SolutionProperties) = preSolution
		HideSolutionNode = FALSE
	EndGlobalSection
EndGlobal
